{
  "version": 4,
  "terraform_version": "0.12.7",
  "serial": 5,
  "lineage": "f464ffcd-0f26-1e99-0ae3-ff3e7e9fa025",
  "outputs": {},
  "resources": [
    {
      "module": "module.gke",
      "mode": "managed",
      "type": "google_compute_network",
      "name": "network",
      "provider": "provider.google",
      "instances": [
        {
          "schema_version": 0,
          "attributes": {
            "auto_create_subnetworks": true,
            "delete_default_routes_on_create": false,
            "description": "",
            "gateway_ipv4": "",
            "id": "extending-k8s-net",
            "ipv4_range": "",
            "name": "extending-k8s-net",
            "project": "k8s-talks",
            "routing_mode": "REGIONAL",
            "self_link": "https://www.googleapis.com/compute/v1/projects/k8s-talks/global/networks/extending-k8s-net",
            "timeouts": null
          },
          "private": "eyJlMmJmYjczMC1lY2FhLTExZTYtOGY4OC0zNDM2M2JjN2M0YzAiOnsiY3JlYXRlIjoyNDAwMDAwMDAwMDAsImRlbGV0ZSI6MjQwMDAwMDAwMDAwLCJ1cGRhdGUiOjI0MDAwMDAwMDAwMH19"
        }
      ]
    },
    {
      "module": "module.gke",
      "mode": "managed",
      "type": "google_container_cluster",
      "name": "gke",
      "provider": "provider.google",
      "instances": [
        {
          "schema_version": 1,
          "attributes": {
            "additional_zones": [
              "europe-west4-a",
              "europe-west4-b",
              "europe-west4-c"
            ],
            "addons_config": [
              {
                "horizontal_pod_autoscaling": [],
                "http_load_balancing": [],
                "kubernetes_dashboard": [
                  {
                    "disabled": true
                  }
                ],
                "network_policy_config": [
                  {
                    "disabled": true
                  }
                ]
              }
            ],
            "cluster_autoscaling": [],
            "cluster_ipv4_cidr": "10.48.0.0/14",
            "description": "",
            "enable_binary_authorization": null,
            "enable_intranode_visibility": null,
            "enable_kubernetes_alpha": false,
            "enable_legacy_abac": false,
            "enable_tpu": null,
            "endpoint": "34.90.52.13",
            "id": "extending-k8s",
            "initial_node_count": 1,
            "instance_group_urls": [],
            "ip_allocation_policy": [],
            "location": "europe-west4",
            "logging_service": "logging.googleapis.com",
            "maintenance_policy": [],
            "master_auth": [
              {
                "client_certificate": "",
                "client_certificate_config": [
                  {
                    "issue_client_certificate": false
                  }
                ],
                "client_key": "",
                "cluster_ca_certificate": "LS0tLS1CRUdJTiBDRVJUSUZJQ0FURS0tLS0tCk1JSURERENDQWZTZ0F3SUJBZ0lSQUp3cDV1WTJybUs1TnhacVAvNnVWREV3RFFZSktvWklodmNOQVFFTEJRQXcKTHpFdE1Dc0dBMVVFQXhNa1lUVmtNbVJpTXpjdFptWTFOQzAwTW1ZNUxUZ3dPV010WlRneE1tSmpOVEEyTmpnMApNQjRYRFRFNU1Ea3dNekU1TXpVME5Gb1hEVEkwTURrd01USXdNelUwTkZvd0x6RXRNQ3NHQTFVRUF4TWtZVFZrCk1tUmlNemN0Wm1ZMU5DMDBNbVk1TFRnd09XTXRaVGd4TW1Kak5UQTJOamcwTUlJQklqQU5CZ2txaGtpRzl3MEIKQVFFRkFBT0NBUThBTUlJQkNnS0NBUUVBbTUyR2t0QkhjSEhOaEUxWC9yN2JMUHFvUjBVNXM3dGRQU3NXQjZLZApvU2NXNk4vR1NiOFYzZ2Y3RmJCYkdBaTZBVWtOYm85OVFqRTZtaE1SdHBjQWNrZ3QweFhqM1JiMEljNThHT0daClVTV3FpL2paTHRuYWNxdkFnOXJTOGZZazF1SWxvcVR1YjVzTkF5ODZzU1F4MXNtUitxWDJwdiszSDhSM1dmTHcKNi9tcFhxL1Bydnl0NTN4VlhmWWJIK245OFA5UzB2a3gvSldja2VtYlhIdUY3V0VzUlJyT2J5ci82RzE2WTJBaApFQ2VKYVlRMElZSGhRSXV1WVBXSjFMdDNoRHhJdTlpeGVuZHJRQjJYZE9NN0JRWmJZNDVZbEZUMVJCY3NqaWMrCkJVenhJNVhVRzF4cHJlcEFZRHhyKzRKMkN4MEM5dnV0YkJ6bDdURXdRdE0rV3dJREFRQUJveU13SVRBT0JnTlYKSFE4QkFmOEVCQU1DQWdRd0R3WURWUjBUQVFIL0JBVXdBd0VCL3pBTkJna3Foa2lHOXcwQkFRc0ZBQU9DQVFFQQpmQTVUaTNvYklkaVNWYlJxSmZxL1hkaTc5bXMyNjRXdHJhaE4rcVdGWllDdmZuekJBVDVROTBkNlJwMHIwb0h0CnJrRUNDSGFZM1I0VjhVd292c0NKUjJrdXF6cHRjUUZTTmdZaURQczc3dWd6MnV3RDdoTDk1d1ZGb0lnNTdFY1QKdmNESExxZHlNQUJ2eVFiWW84RXMvSG9FRFcvVVpmajJMYVV5QTVXREJuT0pTSXFiTWpiOHdBa2crM3FSWk1PcwpHcFROdVpPSFpSS3dGVk9LNnlWTEJlOGlkbjBxV09qRWxya0V2ekhJbUlPYlY1OUYrU2x1SkQzRW1LUGxDVTlJCmFUMmNlOTQzeTNWYlF2UUVjWCtuY2I5YjQxdkF6MmIrZ0QxWWRZUFhLdWtUcmp1MEFsVWl3T0tJM1BYMHYyNGkKQktKQThKMTVuTFIyRDJrSCs5MHpmZz09Ci0tLS0tRU5EIENFUlRJRklDQVRFLS0tLS0K",
                "password": "",
                "username": ""
              }
            ],
            "master_authorized_networks_config": [],
            "master_version": "1.12.8-gke.10",
            "min_master_version": null,
            "monitoring_service": "monitoring.googleapis.com",
            "name": "extending-k8s",
            "network": "projects/k8s-talks/global/networks/extending-k8s-net",
            "network_policy": [
              {
                "enabled": false,
                "provider": "PROVIDER_UNSPECIFIED"
              }
            ],
            "node_config": [],
            "node_locations": [
              "europe-west4-a",
              "europe-west4-b",
              "europe-west4-c"
            ],
            "node_pool": [],
            "node_version": "1.12.8-gke.10",
            "pod_security_policy_config": [],
            "private_cluster_config": [],
            "project": "k8s-talks",
            "region": "europe-west4",
            "remove_default_node_pool": true,
            "resource_labels": null,
            "services_ipv4_cidr": "10.51.240.0/20",
            "subnetwork": "projects/k8s-talks/regions/europe-west4/subnetworks/extending-k8s-net",
            "timeouts": null,
            "zone": null
          },
          "private": "eyJlMmJmYjczMC1lY2FhLTExZTYtOGY4OC0zNDM2M2JjN2M0YzAiOnsiY3JlYXRlIjoxODAwMDAwMDAwMDAwLCJkZWxldGUiOjE4MDAwMDAwMDAwMDAsInVwZGF0ZSI6MzYwMDAwMDAwMDAwMH0sInNjaGVtYV92ZXJzaW9uIjoiMSJ9",
          "depends_on": [
            "google_compute_network.network"
          ]
        }
      ]
    },
    {
      "module": "module.gke",
      "mode": "managed",
      "type": "google_container_node_pool",
      "name": "gke_default_pool",
      "provider": "provider.google",
      "instances": [
        {
          "schema_version": 1,
          "attributes": {
            "autoscaling": [],
            "cluster": "extending-k8s",
            "id": "europe-west4/extending-k8s/default-pool",
            "initial_node_count": 1,
            "instance_group_urls": [
              "https://www.googleapis.com/compute/v1/projects/k8s-talks/zones/europe-west4-a/instanceGroupManagers/gke-extending-k8s-default-pool-bce21880-grp",
              "https://www.googleapis.com/compute/v1/projects/k8s-talks/zones/europe-west4-b/instanceGroupManagers/gke-extending-k8s-default-pool-77371d38-grp",
              "https://www.googleapis.com/compute/v1/projects/k8s-talks/zones/europe-west4-c/instanceGroupManagers/gke-extending-k8s-default-pool-e2307f14-grp"
            ],
            "location": "europe-west4",
            "management": [
              {
                "auto_repair": false,
                "auto_upgrade": false
              }
            ],
            "max_pods_per_node": null,
            "name": "default-pool",
            "name_prefix": "",
            "node_config": [
              {
                "disk_size_gb": 100,
                "disk_type": "pd-standard",
                "guest_accelerator": [],
                "image_type": "COS",
                "labels": {},
                "local_ssd_count": 0,
                "machine_type": "n2-standard-4",
                "metadata": {
                  "disable-legacy-endpoints": "true"
                },
                "min_cpu_platform": "",
                "oauth_scopes": [
                  "https://www.googleapis.com/auth/logging.write",
                  "https://www.googleapis.com/auth/monitoring"
                ],
                "preemptible": true,
                "sandbox_config": [],
                "service_account": "default",
                "tags": null,
                "taint": [],
                "workload_metadata_config": []
              }
            ],
            "node_count": 1,
            "project": "k8s-talks",
            "region": "europe-west4",
            "timeouts": null,
            "version": "1.12.8-gke.10",
            "zone": null
          },
          "private": "eyJlMmJmYjczMC1lY2FhLTExZTYtOGY4OC0zNDM2M2JjN2M0YzAiOnsiY3JlYXRlIjoxODAwMDAwMDAwMDAwLCJkZWxldGUiOjYwMDAwMDAwMDAwMCwidXBkYXRlIjo2MDAwMDAwMDAwMDB9LCJzY2hlbWFfdmVyc2lvbiI6IjEifQ==",
          "depends_on": [
            "google_container_cluster.gke"
          ]
        }
      ]
    }
  ]
}
